// !$*UTF8*$!
{
	archiveVersion = 1;
	classes = {
	};
	objectVersion = 77;
	objects = {

/* Begin PBXContainerItemProxy section */
		EF982B252CDBBC36005CCF5A /* PBXContainerItemProxy */ = {
			isa = PBXContainerItemProxy;
			containerPortal = EF982B0C2CDBBC34005CCF5A /* Project object */;
			proxyType = 1;
			remoteGlobalIDString = EF982B132CDBBC34005CCF5A;
			remoteInfo = "Digital WillPower Budget Assistant";
		};
		EF982B2F2CDBBC36005CCF5A /* PBXContainerItemProxy */ = {
			isa = PBXContainerItemProxy;
			containerPortal = EF982B0C2CDBBC34005CCF5A /* Project object */;
			proxyType = 1;
			remoteGlobalIDString = EF982B132CDBBC34005CCF5A;
			remoteInfo = "Digital WillPower Budget Assistant";
		};
/* End PBXContainerItemProxy section */

/* Begin PBXFileReference section */
		EF982B142CDBBC34005CCF5A /* Digital WillPower Budget Assistant.app */ = {isa = PBXFileReference; explicitFileType = wrapper.application; includeInIndex = 0; path = "Digital WillPower Budget Assistant.app"; sourceTree = BUILT_PRODUCTS_DIR; };
		EF982B242CDBBC36005CCF5A /* Digital WillPower Budget AssistantTests.xctest */ = {isa = PBXFileReference; explicitFileType = wrapper.cfbundle; includeInIndex = 0; path = "Digital WillPower Budget AssistantTests.xctest"; sourceTree = BUILT_PRODUCTS_DIR; };
		EF982B2E2CDBBC36005CCF5A /* Digital WillPower Budget AssistantUITests.xctest */ = {isa = PBXFileReference; explicitFileType = wrapper.cfbundle; includeInIndex = 0; path = "Digital WillPower Budget AssistantUITests.xctest"; sourceTree = BUILT_PRODUCTS_DIR; };
/* End PBXFileReference section */

/* Begin PBXFileSystemSynchronizedRootGroup section */
		EF982B162CDBBC34005CCF5A /* Digital WillPower Budget Assistant */ = {
			isa = PBXFileSystemSynchronizedRootGroup;
			path = "Digital WillPower Budget Assistant";
			sourceTree = "<group>";
		};
		EF982B272CDBBC36005CCF5A /* Digital WillPower Budget AssistantTests */ = {
			isa = PBXFileSystemSynchronizedRootGroup;
			path = "Digital WillPower Budget AssistantTests";
			sourceTree = "<group>";
		};
		EF982B312CDBBC36005CCF5A /* Digital WillPower Budget AssistantUITests */ = {
			isa = PBXFileSystemSynchronizedRootGroup;
			path = "Digital WillPower Budget AssistantUITests";
			sourceTree = "<group>";
		};
/* End PBXFileSystemSynchronizedRootGroup section */

/* Begin PBXFrameworksBuildPhase section */
		EF982B112CDBBC34005CCF5A /* Frameworks */ = {
			isa = PBXFrameworksBuildPhase;
			buildActionMask = 2147483647;
			files = (
			);
			runOnlyForDeploymentPostprocessing = 0;
		};
		EF982B212CDBBC36005CCF5A /* Frameworks */ = {
			isa = PBXFrameworksBuildPhase;
			buildActionMask = 2147483647;
			files = (
			);
			runOnlyForDeploymentPostprocessing = 0;
		};
		EF982B2B2CDBBC36005CCF5A /* Frameworks */ = {
			isa = PBXFrameworksBuildPhase;
			buildActionMask = 2147483647;
			files = (
			);
			runOnlyForDeploymentPostprocessing = 0;
		};
/* End PBXFrameworksBuildPhase section */

/* Begin PBXGroup section */
		EF982B0B2CDBBC34005CCF5A = {
			isa = PBXGroup;
			children = (
				EF982B162CDBBC34005CCF5A /* Digital WillPower Budget Assistant */,
				EF982B272CDBBC36005CCF5A /* Digital WillPower Budget AssistantTests */,
				EF982B312CDBBC36005CCF5A /* Digital WillPower Budget AssistantUITests */,
				EF982B152CDBBC34005CCF5A /* Products */,
			);
			sourceTree = "<group>";
		};
		EF982B152CDBBC34005CCF5A /* Products */ = {
			isa = PBXGroup;
			children = (
				EF982B142CDBBC34005CCF5A /* Digital WillPower Budget Assistant.app */,
				EF982B242CDBBC36005CCF5A /* Digital WillPower Budget AssistantTests.xctest */,
				EF982B2E2CDBBC36005CCF5A /* Digital WillPower Budget AssistantUITests.xctest */,
			);
			name = Products;
			sourceTree = "<group>";
		};
/* End PBXGroup section */

/* Begin PBXNativeTarget section */
		EF982B132CDBBC34005CCF5A /* Digital WillPower Budget Assistant */ = {
			isa = PBXNativeTarget;
			buildConfigurationList = EF982B382CDBBC36005CCF5A /* Build configuration list for PBXNativeTarget "Digital WillPower Budget Assistant" */;
			buildPhases = (
				EF982B102CDBBC34005CCF5A /* Sources */,
				EF982B112CDBBC34005CCF5A /* Frameworks */,
				EF982B122CDBBC34005CCF5A /* Resources */,
			);
			buildRules = (
			);
			dependencies = (
			);
			fileSystemSynchronizedGroups = (
				EF982B162CDBBC34005CCF5A /* Digital WillPower Budget Assistant */,
			);
			name = "Digital WillPower Budget Assistant";
			packageProductDependencies = (
			);
			productName = "Digital WillPower Budget Assistant";
			productReference = EF982B142CDBBC34005CCF5A /* Digital WillPower Budget Assistant.app */;
			productType = "com.apple.product-type.application";
		};
		EF982B232CDBBC36005CCF5A /* Digital WillPower Budget AssistantTests */ = {
			isa = PBXNativeTarget;
			buildConfigurationList = EF982B3B2CDBBC36005CCF5A /* Build configuration list for PBXNativeTarget "Digital WillPower Budget AssistantTests" */;
			buildPhases = (
				EF982B202CDBBC36005CCF5A /* Sources */,
				EF982B212CDBBC36005CCF5A /* Frameworks */,
				EF982B222CDBBC36005CCF5A /* Resources */,
			);
			buildRules = (
			);
			dependencies = (
				EF982B262CDBBC36005CCF5A /* PBXTargetDependency */,
			);
			fileSystemSynchronizedGroups = (
				EF982B272CDBBC36005CCF5A /* Digital WillPower Budget AssistantTests */,
			);
			name = "Digital WillPower Budget AssistantTests";
			packageProductDependencies = (
			);
			productName = "Digital WillPower Budget AssistantTests";
			productReference = EF982B242CDBBC36005CCF5A /* Digital WillPower Budget AssistantTests.xctest */;
			productType = "com.apple.product-type.bundle.unit-test";
		};
		EF982B2D2CDBBC36005CCF5A /* Digital WillPower Budget AssistantUITests */ = {
			isa = PBXNativeTarget;
			buildConfigurationList = EF982B3E2CDBBC36005CCF5A /* Build configuration list for PBXNativeTarget "Digital WillPower Budget AssistantUITests" */;
			buildPhases = (
				EF982B2A2CDBBC36005CCF5A /* Sources */,
				EF982B2B2CDBBC36005CCF5A /* Frameworks */,
				EF982B2C2CDBBC36005CCF5A /* Resources */,
			);
			buildRules = (
			);
			dependencies = (
				EF982B302CDBBC36005CCF5A /* PBXTargetDependency */,
			);
			fileSystemSynchronizedGroups = (
				EF982B312CDBBC36005CCF5A /* Digital WillPower Budget AssistantUITests */,
			);
			name = "Digital WillPower Budget AssistantUITests";
			packageProductDependencies = (
			);
			productName = "Digital WillPower Budget AssistantUITests";
			productReference = EF982B2E2CDBBC36005CCF5A /* Digital WillPower Budget AssistantUITests.xctest */;
			productType = "com.apple.product-type.bundle.ui-testing";
		};
/* End PBXNativeTarget section */

/* Begin PBXProject section */
		EF982B0C2CDBBC34005CCF5A /* Project object */ = {
			isa = PBXProject;
			attributes = {
				BuildIndependentTargetsInParallel = 1;
				LastSwiftUpdateCheck = 1610;
				LastUpgradeCheck = 1610;
				TargetAttributes = {
					EF982B132CDBBC34005CCF5A = {
						CreatedOnToolsVersion = 16.1;
					};
					EF982B232CDBBC36005CCF5A = {
						CreatedOnToolsVersion = 16.1;
						TestTargetID = EF982B132CDBBC34005CCF5A;
					};
					EF982B2D2CDBBC36005CCF5A = {
						CreatedOnToolsVersion = 16.1;
						TestTargetID = EF982B132CDBBC34005CCF5A;
					};
				};
			};
			buildConfigurationList = EF982B0F2CDBBC34005CCF5A /* Build configuration list for PBXProject "Digital WillPower Budget Assistant" */;
			developmentRegion = en;
			hasScannedForEncodings = 0;
			knownRegions = (
				en,
				Base,
			);
			mainGroup = EF982B0B2CDBBC34005CCF5A;
			minimizedProjectReferenceProxies = 1;
			preferredProjectObjectVersion = 77;
			productRefGroup = EF982B152CDBBC34005CCF5A /* Products */;
			projectDirPath = "";
			projectRoot = "";
			targets = (
				EF982B132CDBBC34005CCF5A /* Digital WillPower Budget Assistant */,
				EF982B232CDBBC36005CCF5A /* Digital WillPower Budget AssistantTests */,
				EF982B2D2CDBBC36005CCF5A /* Digital WillPower Budget AssistantUITests */,
			);
		};
/* End PBXProject section */

/* Begin PBXResourcesBuildPhase section */
		EF982B122CDBBC34005CCF5A /* Resources */ = {
			isa = PBXResourcesBuildPhase;
			buildActionMask = 2147483647;
			files = (
			);
			runOnlyForDeploymentPostprocessing = 0;
		};
		EF982B222CDBBC36005CCF5A /* Resources */ = {
			isa = PBXResourcesBuildPhase;
			buildActionMask = 2147483647;
			files = (
			);
			runOnlyForDeploymentPostprocessing = 0;
		};
		EF982B2C2CDBBC36005CCF5A /* Resources */ = {
			isa = PBXResourcesBuildPhase;
			buildActionMask = 2147483647;
			files = (
			);
			runOnlyForDeploymentPostprocessing = 0;
		};
/* End PBXResourcesBuildPhase section */

/* Begin PBXSourcesBuildPhase section */
		EF982B102CDBBC34005CCF5A /* Sources */ = {
			isa = PBXSourcesBuildPhase;
			buildActionMask = 2147483647;
			files = (
			);
			runOnlyForDeploymentPostprocessing = 0;
		};
		EF982B202CDBBC36005CCF5A /* Sources */ = {
			isa = PBXSourcesBuildPhase;
			buildActionMask = 2147483647;
			files = (
			);
			runOnlyForDeploymentPostprocessing = 0;
		};
		EF982B2A2CDBBC36005CCF5A /* Sources */ = {
			isa = PBXSourcesBuildPhase;
			buildActionMask = 2147483647;
			files = (
			);
			runOnlyForDeploymentPostprocessing = 0;
		};
/* End PBXSourcesBuildPhase section */

/* Begin PBXTargetDependency section */
		EF982B262CDBBC36005CCF5A /* PBXTargetDependency */ = {
			isa = PBXTargetDependency;
			target = EF982B132CDBBC34005CCF5A /* Digital WillPower Budget Assistant */;
			targetProxy = EF982B252CDBBC36005CCF5A /* PBXContainerItemProxy */;
		};
		EF982B302CDBBC36005CCF5A /* PBXTargetDependency */ = {
			isa = PBXTargetDependency;
			target = EF982B132CDBBC34005CCF5A /* Digital WillPower Budget Assistant */;
			targetProxy = EF982B2F2CDBBC36005CCF5A /* PBXContainerItemProxy */;
		};
/* End PBXTargetDependency section */

/* Begin XCBuildConfiguration section */
		EF982B362CDBBC36005CCF5A /* Debug */ = {
			isa = XCBuildConfiguration;
			buildSettings = {
				ALWAYS_SEARCH_USER_PATHS = NO;
				ASSETCATALOG_COMPILER_GENERATE_SWIFT_ASSET_SYMBOL_EXTENSIONS = YES;
				CLANG_ANALYZER_NONNULL = YES;
				CLANG_ANALYZER_NUMBER_OBJECT_CONVERSION = YES_AGGRESSIVE;
				CLANG_CXX_LANGUAGE_STANDARD = "gnu++20";
				CLANG_ENABLE_MODULES = YES;
				CLANG_ENABLE_OBJC_ARC = YES;
				CLANG_ENABLE_OBJC_WEAK = YES;
				CLANG_WARN_BLOCK_CAPTURE_AUTORELEASING = YES;
				CLANG_WARN_BOOL_CONVERSION = YES;
				CLANG_WARN_COMMA = YES;
				CLANG_WARN_CONSTANT_CONVERSION = YES;
				CLANG_WARN_DEPRECATED_OBJC_IMPLEMENTATIONS = YES;
				CLANG_WARN_DIRECT_OBJC_ISA_USAGE = YES_ERROR;
				CLANG_WARN_DOCUMENTATION_COMMENTS = YES;
				CLANG_WARN_EMPTY_BODY = YES;
				CLANG_WARN_ENUM_CONVERSION = YES;
				CLANG_WARN_INFINITE_RECURSION = YES;
				CLANG_WARN_INT_CONVERSION = YES;
				CLANG_WARN_NON_LITERAL_NULL_CONVERSION = YES;
				CLANG_WARN_OBJC_IMPLICIT_RETAIN_SELF = YES;
				CLANG_WARN_OBJC_LITERAL_CONVERSION = YES;
				CLANG_WARN_OBJC_ROOT_CLASS = YES_ERROR;
				CLANG_WARN_QUOTED_INCLUDE_IN_FRAMEWORK_HEADER = YES;
				CLANG_WARN_RANGE_LOOP_ANALYSIS = YES;
				CLANG_WARN_STRICT_PROTOTYPES = YES;
				CLANG_WARN_SUSPICIOUS_MOVE = YES;
				CLANG_WARN_UNGUARDED_AVAILABILITY = YES_AGGRESSIVE;
				CLANG_WARN_UNREACHABLE_CODE = YES;
				CLANG_WARN__DUPLICATE_METHOD_MATCH = YES;
				COPY_PHASE_STRIP = NO;
				DEBUG_INFORMATION_FORMAT = dwarf;
				ENABLE_STRICT_OBJC_MSGSEND = YES;
				ENABLE_TESTABILITY = YES;
				ENABLE_USER_SCRIPT_SANDBOXING = YES;
				GCC_C_LANGUAGE_STANDARD = gnu17;
				GCC_DYNAMIC_NO_PIC = NO;
				GCC_NO_COMMON_BLOCKS = YES;
				GCC_OPTIMIZATION_LEVEL = 0;
				GCC_PREPROCESSOR_DEFINITIONS = (
					"DEBUG=1",
					"$(inherited)",
				);
				GCC_WARN_64_TO_32_BIT_CONVERSION = YES;
				GCC_WARN_ABOUT_RETURN_TYPE = YES_ERROR;
				GCC_WARN_UNDECLARED_SELECTOR = YES;
				GCC_WARN_UNINITIALIZED_AUTOS = YES_AGGRESSIVE;
				GCC_WARN_UNUSED_FUNCTION = YES;
				GCC_WARN_UNUSED_VARIABLE = YES;
				IPHONEOS_DEPLOYMENT_TARGET = 18.1;
				LOCALIZATION_PREFERS_STRING_CATALOGS = YES;
				MTL_ENABLE_DEBUG_INFO = INCLUDE_SOURCE;
				MTL_FAST_MATH = YES;
				ONLY_ACTIVE_ARCH = YES;
				SDKROOT = iphoneos;
				SWIFT_ACTIVE_COMPILATION_CONDITIONS = "DEBUG $(inherited)";
				SWIFT_OPTIMIZATION_LEVEL = "-Onone";
			};
			name = Debug;
		};
		EF982B372CDBBC36005CCF5A /* Release */ = {
			isa = XCBuildConfiguration;
			buildSettings = {
				ALWAYS_SEARCH_USER_PATHS = NO;
				ASSETCATALOG_COMPILER_GENERATE_SWIFT_ASSET_SYMBOL_EXTENSIONS = YES;
				CLANG_ANALYZER_NONNULL = YES;
				CLANG_ANALYZER_NUMBER_OBJECT_CONVERSION = YES_AGGRESSIVE;
				CLANG_CXX_LANGUAGE_STANDARD = "gnu++20";
				CLANG_ENABLE_MODULES = YES;
				CLANG_ENABLE_OBJC_ARC = YES;
				CLANG_ENABLE_OBJC_WEAK = YES;
				CLANG_WARN_BLOCK_CAPTURE_AUTORELEASING = YES;
				CLANG_WARN_BOOL_CONVERSION = YES;
				CLANG_WARN_COMMA = YES;
				CLANG_WARN_CONSTANT_CONVERSION = YES;
				CLANG_WARN_DEPRECATED_OBJC_IMPLEMENTATIONS = YES;
				CLANG_WARN_DIRECT_OBJC_ISA_USAGE = YES_ERROR;
				CLANG_WARN_DOCUMENTATION_COMMENTS = YES;
				CLANG_WARN_EMPTY_BODY = YES;
				CLANG_WARN_ENUM_CONVERSION = YES;
				CLANG_WARN_INFINITE_RECURSION = YES;
				CLANG_WARN_INT_CONVERSION = YES;
				CLANG_WARN_NON_LITERAL_NULL_CONVERSION = YES;
				CLANG_WARN_OBJC_IMPLICIT_RETAIN_SELF = YES;
				CLANG_WARN_OBJC_LITERAL_CONVERSION = YES;
				CLANG_WARN_OBJC_ROOT_CLASS = YES_ERROR;
				CLANG_WARN_QUOTED_INCLUDE_IN_FRAMEWORK_HEADER = YES;
				CLANG_WARN_RANGE_LOOP_ANALYSIS = YES;
				CLANG_WARN_STRICT_PROTOTYPES = YES;
				CLANG_WARN_SUSPICIOUS_MOVE = YES;
				CLANG_WARN_UNGUARDED_AVAILABILITY = YES_AGGRESSIVE;
				CLANG_WARN_UNREACHABLE_CODE = YES;
				CLANG_WARN__DUPLICATE_METHOD_MATCH = YES;
				COPY_PHASE_STRIP = NO;
				DEBUG_INFORMATION_FORMAT = "dwarf-with-dsym";
				ENABLE_NS_ASSERTIONS = NO;
				ENABLE_STRICT_OBJC_MSGSEND = YES;
				ENABLE_USER_SCRIPT_SANDBOXING = YES;
				GCC_C_LANGUAGE_STANDARD = gnu17;
				GCC_NO_COMMON_BLOCKS = YES;
				GCC_WARN_64_TO_32_BIT_CONVERSION = YES;
				GCC_WARN_ABOUT_RETURN_TYPE = YES_ERROR;
				GCC_WARN_UNDECLARED_SELECTOR = YES;
				GCC_WARN_UNINITIALIZED_AUTOS = YES_AGGRESSIVE;
				GCC_WARN_UNUSED_FUNCTION = YES;
				GCC_WARN_UNUSED_VARIABLE = YES;
				IPHONEOS_DEPLOYMENT_TARGET = 18.1;
				LOCALIZATION_PREFERS_STRING_CATALOGS = YES;
				MTL_ENABLE_DEBUG_INFO = NO;
				MTL_FAST_MATH = YES;
				SDKROOT = iphoneos;
				SWIFT_COMPILATION_MODE = wholemodule;
				VALIDATE_PRODUCT = YES;
			};
			name = Release;
		};
		EF982B392CDBBC36005CCF5A /* Debug */ = {
			isa = XCBuildConfiguration;
			buildSettings = {
				ASSETCATALOG_COMPILER_APPICON_NAME = AppIcon;
				ASSETCATALOG_COMPILER_GLOBAL_ACCENT_COLOR_NAME = AccentColor;
				CODE_SIGN_STYLE = Automatic;
				CURRENT_PROJECT_VERSION = 1;
				DEVELOPMENT_ASSET_PATHS = "\"Digital WillPower Budget Assistant/Preview Content\"";
				DEVELOPMENT_TEAM = 347834QV62;
				ENABLE_PREVIEWS = YES;
				GENERATE_INFOPLIST_FILE = YES;
				INFOPLIST_KEY_UIApplicationSceneManifest_Generation = YES;
				INFOPLIST_KEY_UIApplicationSupportsIndirectInputEvents = YES;
				INFOPLIST_KEY_UILaunchScreen_Generation = YES;
				INFOPLIST_KEY_UISupportedInterfaceOrientations_iPad = "UIInterfaceOrientationPortrait UIInterfaceOrientationPortraitUpsideDown UIInterfaceOrientationLandscapeLeft UIInterfaceOrientationLandscapeRight";
				INFOPLIST_KEY_UISupportedInterfaceOrientations_iPhone = "UIInterfaceOrientationPortrait UIInterfaceOrientationLandscapeLeft UIInterfaceOrientationLandscapeRight";
				LD_RUNPATH_SEARCH_PATHS = (
					"$(inherited)",
					"@executable_path/Frameworks",
				);
				MARKETING_VERSION = 1.0;
				PRODUCT_BUNDLE_IDENTIFIER = "CMU.Digital-WillPower-Budget-Assistant";
				PRODUCT_NAME = "$(TARGET_NAME)";
				SWIFT_EMIT_LOC_STRINGS = YES;
				SWIFT_VERSION = 5.0;
				TARGETED_DEVICE_FAMILY = "1,2";
			};
			name = Debug;
		};
		EF982B3A2CDBBC36005CCF5A /* Release */ = {
			isa = XCBuildConfiguration;
			buildSettings = {
				ASSETCATALOG_COMPILER_APPICON_NAME = AppIcon;
				ASSETCATALOG_COMPILER_GLOBAL_ACCENT_COLOR_NAME = AccentColor;
				CODE_SIGN_STYLE = Automatic;
				CURRENT_PROJECT_VERSION = 1;
				DEVELOPMENT_ASSET_PATHS = "\"Digital WillPower Budget Assistant/Preview Content\"";
				DEVELOPMENT_TEAM = 347834QV62;
				ENABLE_PREVIEWS = YES;
				GENERATE_INFOPLIST_FILE = YES;
				INFOPLIST_KEY_UIApplicationSceneManifest_Generation = YES;
				INFOPLIST_KEY_UIApplicationSupportsIndirectInputEvents = YES;
				INFOPLIST_KEY_UILaunchScreen_Generation = YES;
				INFOPLIST_KEY_UISupportedInterfaceOrientations_iPad = "UIInterfaceOrientationPortrait UIInterfaceOrientationPortraitUpsideDown UIInterfaceOrientationLandscapeLeft UIInterfaceOrientationLandscapeRight";
				INFOPLIST_KEY_UISupportedInterfaceOrientations_iPhone = "UIInterfaceOrientationPortrait UIInterfaceOrientationLandscapeLeft UIInterfaceOrientationLandscapeRight";
				LD_RUNPATH_SEARCH_PATHS = (
					"$(inherited)",
					"@executable_path/Frameworks",
				);
				MARKETING_VERSION = 1.0;
				PRODUCT_BUNDLE_IDENTIFIER = "CMU.Digital-WillPower-Budget-Assistant";
				PRODUCT_NAME = "$(TARGET_NAME)";
				SWIFT_EMIT_LOC_STRINGS = YES;
				SWIFT_VERSION = 5.0;
				TARGETED_DEVICE_FAMILY = "1,2";
			};
			name = Release;
		};
		EF982B3C2CDBBC36005CCF5A /* Debug */ = {
			isa = XCBuildConfiguration;
			buildSettings = {
				BUNDLE_LOADER = "$(TEST_HOST)";
				CODE_SIGN_STYLE = Automatic;
				CURRENT_PROJECT_VERSION = 1;
				DEVELOPMENT_TEAM = 347834QV62;
				GENERATE_INFOPLIST_FILE = YES;
				IPHONEOS_DEPLOYMENT_TARGET = 18.1;
				MARKETING_VERSION = 1.0;
				PRODUCT_BUNDLE_IDENTIFIER = "CMU.Digital-WillPower-Budget-AssistantTests";
				PRODUCT_NAME = "$(TARGET_NAME)";
				SWIFT_EMIT_LOC_STRINGS = NO;
				SWIFT_VERSION = 5.0;
				TARGETED_DEVICE_FAMILY = "1,2";
				TEST_HOST = "$(BUILT_PRODUCTS_DIR)/Digital WillPower Budget Assistant.app/$(BUNDLE_EXECUTABLE_FOLDER_PATH)/Digital WillPower Budget Assistant";
			};
			name = Debug;
		};
		EF982B3D2CDBBC36005CCF5A /* Release */ = {
			isa = XCBuildConfiguration;
			buildSettings = {
				BUNDLE_LOADER = "$(TEST_HOST)";
				CODE_SIGN_STYLE = Automatic;
				CURRENT_PROJECT_VERSION = 1;
				DEVELOPMENT_TEAM = 347834QV62;
				GENERATE_INFOPLIST_FILE = YES;
				IPHONEOS_DEPLOYMENT_TARGET = 18.1;
				MARKETING_VERSION = 1.0;
				PRODUCT_BUNDLE_IDENTIFIER = "CMU.Digital-WillPower-Budget-AssistantTests";
				PRODUCT_NAME = "$(TARGET_NAME)";
				SWIFT_EMIT_LOC_STRINGS = NO;
				SWIFT_VERSION = 5.0;
				TARGETED_DEVICE_FAMILY = "1,2";
				TEST_HOST = "$(BUILT_PRODUCTS_DIR)/Digital WillPower Budget Assistant.app/$(BUNDLE_EXECUTABLE_FOLDER_PATH)/Digital WillPower Budget Assistant";
			};
			name = Release;
		};
		EF982B3F2CDBBC36005CCF5A /* Debug */ = {
			isa = XCBuildConfiguration;
			buildSettings = {
				CODE_SIGN_STYLE = Automatic;
				CURRENT_PROJECT_VERSION = 1;
				DEVELOPMENT_TEAM = 347834QV62;
				GENERATE_INFOPLIST_FILE = YES;
				MARKETING_VERSION = 1.0;
				PRODUCT_BUNDLE_IDENTIFIER = "CMU.Digital-WillPower-Budget-AssistantUITests";
				PRODUCT_NAME = "$(TARGET_NAME)";
				SWIFT_EMIT_LOC_STRINGS = NO;
				SWIFT_VERSION = 5.0;
				TARGETED_DEVICE_FAMILY = "1,2";
				TEST_TARGET_NAME = "Digital WillPower Budget Assistant";
			};
			name = Debug;
		};
		EF982B402CDBBC36005CCF5A /* Release */ = {
			isa = XCBuildConfiguration;
			buildSettings = {
				CODE_SIGN_STYLE = Automatic;
				CURRENT_PROJECT_VERSION = 1;
				DEVELOPMENT_TEAM = 347834QV62;
				GENERATE_INFOPLIST_FILE = YES;
				MARKETING_VERSION = 1.0;
				PRODUCT_BUNDLE_IDENTIFIER = "CMU.Digital-WillPower-Budget-AssistantUITests";
				PRODUCT_NAME = "$(TARGET_NAME)";
				SWIFT_EMIT_LOC_STRINGS = NO;
				SWIFT_VERSION = 5.0;
				TARGETED_DEVICE_FAMILY = "1,2";
				TEST_TARGET_NAME = "Digital WillPower Budget Assistant";
			};
			name = Release;
		};
/* End XCBuildConfiguration section */

/* Begin XCConfigurationList section */
		EF982B0F2CDBBC34005CCF5A /* Build configuration list for PBXProject "Digital WillPower Budget Assistant" */ = {
			isa = XCConfigurationList;
			buildConfigurations = (
				EF982B362CDBBC36005CCF5A /* Debug */,
				EF982B372CDBBC36005CCF5A /* Release */,
			);
			defaultConfigurationIsVisible = 0;
			defaultConfigurationName = Release;
		};
		EF982B382CDBBC36005CCF5A /* Build configuration list for PBXNativeTarget "Digital WillPower Budget Assistant" */ = {
			isa = XCConfigurationList;
			buildConfigurations = (
				EF982B392CDBBC36005CCF5A /* Debug */,
				EF982B3A2CDBBC36005CCF5A /* Release */,
			);
			defaultConfigurationIsVisible = 0;
			defaultConfigurationName = Release;
		};
		EF982B3B2CDBBC36005CCF5A /* Build configuration list for PBXNativeTarget "Digital WillPower Budget AssistantTests" */ = {
			isa = XCConfigurationList;
			buildConfigurations = (
				EF982B3C2CDBBC36005CCF5A /* Debug */,
				EF982B3D2CDBBC36005CCF5A /* Release */,
			);
			defaultConfigurationIsVisible = 0;
			defaultConfigurationName = Release;
		};
		EF982B3E2CDBBC36005CCF5A /* Build configuration list for PBXNativeTarget "Digital WillPower Budget AssistantUITests" */ = {
			isa = XCConfigurationList;
			buildConfigurations = (
				EF982B3F2CDBBC36005CCF5A /* Debug */,
				EF982B402CDBBC36005CCF5A /* Release */,
			);
			defaultConfigurationIsVisible = 0;
			defaultConfigurationName = Release;
		};
/* End XCConfigurationList section */
	};
	rootObject = EF982B0C2CDBBC34005CCF5A /* Project object */;
}
